
Microsoft Visual Studio Solution File, Format Version 12.00
# Visual Studio Version 17
VisualStudioVersion = 17.7.34031.279
MinimumVisualStudioVersion = 10.0.40219.1
Project("{FAE04EC0-301F-11D3-BF4B-00C04F79EFBC}") = "Agriculture_Subsidy_System", "Agriculture_Subsidy_System\Agriculture_Subsidy_System.csproj", "{2AF1845A-2345-4B7F-B749-204A244F9751}"
EndProject
Global
	GlobalSection(SolutionConfigurationPlatforms) = preSolution
		Debug|Any CPU = Debug|Any CPU
		Release|Any CPU = Release|Any CPU
	EndGlobalSection
	GlobalSection(ProjectConfigurationPlatforms) = postSolution
		{2AF1845A-2345-4B7F-B749-204A244F9751}.Debug|Any CPU.ActiveCfg = Debug|Any CPU
		{2AF1845A-2345-4B7F-B749-204A244F9751}.Debug|Any CPU.Build.0 = Debug|Any CPU
		{2AF1845A-2345-4B7F-B749-204A244F9751}.Release|Any CPU.ActiveCfg = Release|Any CPU
		{2AF1845A-2345-4B7F-B749-204A244F9751}.Release|Any CPU.Build.0 = Release|Any CPU
	EndGlobalSection
	GlobalSection(SolutionProperties) = preSolution
		HideSolutionNode = FALSE
	EndGlobalSection
	GlobalSection(ExtensibilityGlobals) = postSolution
		SolutionGuid = {788C9526-05DB-458D-BEDC-6544A8502A5F}
	EndGlobalSection
EndGlobal
